// !$*UTF8*$!
{
	archiveVersion = 1;
	classes = {
	};
	objectVersion = 50;
	objects = {

/* Begin PBXBuildFile section */
		2B54C00C29DB5E1500086C0F /* AppDelegate.swift in Sources */ = {isa = PBXBuildFile; fileRef = 2B54C00B29DB5E1500086C0F /* AppDelegate.swift */; };
		2B54C00E29DB5E1500086C0F /* ViewController.swift in Sources */ = {isa = PBXBuildFile; fileRef = 2B54C00D29DB5E1500086C0F /* ViewController.swift */; };
		2B54C01029DB5E1E00086C0F /* Assets.xcassets in Resources */ = {isa = PBXBuildFile; fileRef = 2B54C00F29DB5E1E00086C0F /* Assets.xcassets */; };
		2B54C01329DB5E1E00086C0F /* Main.storyboard in Resources */ = {isa = PBXBuildFile; fileRef = 2B54C01129DB5E1E00086C0F /* Main.storyboard */; };
/* End PBXBuildFile section */

/* Begin PBXContainerItemProxy section */
		2B54C01B29DB5E1E00086C0F /* PBXContainerItemProxy */ = {
			isa = PBXContainerItemProxy;
			containerPortal = 2B54C00029DB5E1500086C0F /* Project object */;
			proxyType = 1;
			remoteGlobalIDString = 2B54C00729DB5E1500086C0F;
			remoteInfo = "SolarCalculator-Swift";
		};
		2B54C02629DB5E1E00086C0F /* PBXContainerItemProxy */ = {
			isa = PBXContainerItemProxy;
			containerPortal = 2B54C00029DB5E1500086C0F /* Project object */;
			proxyType = 1;
			remoteGlobalIDString = 2B54C00729DB5E1500086C0F;
			remoteInfo = "SolarCalculator-Swift";
		};
/* End PBXContainerItemProxy section */

/* Begin PBXFileReference section */
		2B54C00829DB5E1500086C0F /* SolarCalculator-Swift.app */ = {isa = PBXFileReference; explicitFileType = wrapper.application; includeInIndex = 0; path = "SolarCalculator-Swift.app"; sourceTree = BUILT_PRODUCTS_DIR; };
		2B54C00B29DB5E1500086C0F /* AppDelegate.swift */ = {isa = PBXFileReference; lastKnownFileType = sourcecode.swift; path = AppDelegate.swift; sourceTree = "<group>"; };
		2B54C00D29DB5E1500086C0F /* ViewController.swift */ = {isa = PBXFileReference; lastKnownFileType = sourcecode.swift; path = ViewController.swift; sourceTree = "<group>"; };
		2B54C00F29DB5E1E00086C0F /* Assets.xcassets */ = {isa = PBXFileReference; lastKnownFileType = folder.assetcatalog; path = Assets.xcassets; sourceTree = "<group>"; };
		2B54C01229DB5E1E00086C0F /* Base */ = {isa = PBXFileReference; lastKnownFileType = file.storyboard; name = Base; path = Base.lproj/Main.storyboard; sourceTree = "<group>"; };
		2B54C01429DB5E1E00086C0F /* Info.plist */ = {isa = PBXFileReference; lastKnownFileType = text.plist.xml; path = Info.plist; sourceTree = "<group>"; };
		2B54C01529DB5E1E00086C0F /* SolarCalculator_Swift.entitlements */ = {isa = PBXFileReference; lastKnownFileType = text.plist.entitlements; path = SolarCalculator_Swift.entitlements; sourceTree = "<group>"; };
		2B54C01A29DB5E1E00086C0F /* SolarCalculator-SwiftTests.xctest */ = {isa = PBXFileReference; explicitFileType = wrapper.cfbundle; includeInIndex = 0; path = "SolarCalculator-SwiftTests.xctest"; sourceTree = BUILT_PRODUCTS_DIR; };
		2B54C02529DB5E1E00086C0F /* SolarCalculator-SwiftUITests.xctest */ = {isa = PBXFileReference; explicitFileType = wrapper.cfbundle; includeInIndex = 0; path = "SolarCalculator-SwiftUITests.xctest"; sourceTree = BUILT_PRODUCTS_DIR; };
/* End PBXFileReference section */

/* Begin PBXFrameworksBuildPhase section */
		2B54C00529DB5E1500086C0F /* Frameworks */ = {
			isa = PBXFrameworksBuildPhase;
			buildActionMask = 2147483647;
			files = (
			);
			runOnlyForDeploymentPostprocessing = 0;
		};
		2B54C01729DB5E1E00086C0F /* Frameworks */ = {
			isa = PBXFrameworksBuildPhase;
			buildActionMask = 2147483647;
			files = (
			);
			runOnlyForDeploymentPostprocessing = 0;
		};
		2B54C02229DB5E1E00086C0F /* Frameworks */ = {
			isa = PBXFrameworksBuildPhase;
			buildActionMask = 2147483647;
			files = (
			);
			runOnlyForDeploymentPostprocessing = 0;
		};
/* End PBXFrameworksBuildPhase section */

/* Begin PBXGroup section */
		2B54BFFF29DB5E1500086C0F = {
			isa = PBXGroup;
			children = (
				2B54C00A29DB5E1500086C0F /* SolarCalculator-Swift */,
				2B54C00929DB5E1500086C0F /* Products */,
			);
			sourceTree = "<group>";
		};
		2B54C00929DB5E1500086C0F /* Products */ = {
			isa = PBXGroup;
			children = (
				2B54C00829DB5E1500086C0F /* SolarCalculator-Swift.app */,
				2B54C01A29DB5E1E00086C0F /* SolarCalculator-SwiftTests.xctest */,
				2B54C02529DB5E1E00086C0F /* SolarCalculator-SwiftUITests.xctest */,
			);
			name = Products;
			sourceTree = "<group>";
		};
		2B54C00A29DB5E1500086C0F /* SolarCalculator-Swift */ = {
			isa = PBXGroup;
			children = (
				2B54C00B29DB5E1500086C0F /* AppDelegate.swift */,
				2B54C00D29DB5E1500086C0F /* ViewController.swift */,
				2B54C00F29DB5E1E00086C0F /* Assets.xcassets */,
				2B54C01129DB5E1E00086C0F /* Main.storyboard */,
				2B54C01429DB5E1E00086C0F /* Info.plist */,
				2B54C01529DB5E1E00086C0F /* SolarCalculator_Swift.entitlements */,
			);
			path = "SolarCalculator-Swift";
			sourceTree = "<group>";
		};
/* End PBXGroup section */

/* Begin PBXNativeTarget section */
		2B54C00729DB5E1500086C0F /* SolarCalculator-Swift */ = {
			isa = PBXNativeTarget;
			buildConfigurationList = 2B54C02E29DB5E1E00086C0F /* Build configuration list for PBXNativeTarget "SolarCalculator-Swift" */;
			buildPhases = (
				2B54C00429DB5E1500086C0F /* Sources */,
				2B54C00529DB5E1500086C0F /* Frameworks */,
				2B54C00629DB5E1500086C0F /* Resources */,
			);
			buildRules = (
			);
			dependencies = (
			);
			name = "SolarCalculator-Swift";
			productName = "SolarCalculator-Swift";
			productReference = 2B54C00829DB5E1500086C0F /* SolarCalculator-Swift.app */;
			productType = "com.apple.product-type.application";
		};
		2B54C01929DB5E1E00086C0F /* SolarCalculator-SwiftTests */ = {
			isa = PBXNativeTarget;
			buildConfigurationList = 2B54C03129DB5E1E00086C0F /* Build configuration list for PBXNativeTarget "SolarCalculator-SwiftTests" */;
			buildPhases = (
				2B54C01629DB5E1E00086C0F /* Sources */,
				2B54C01729DB5E1E00086C0F /* Frameworks */,
				2B54C01829DB5E1E00086C0F /* Resources */,
			);
			buildRules = (
			);
			dependencies = (
				2B54C01C29DB5E1E00086C0F /* PBXTargetDependency */,
			);
			name = "SolarCalculator-SwiftTests";
			productName = "SolarCalculator-SwiftTests";
			productReference = 2B54C01A29DB5E1E00086C0F /* SolarCalculator-SwiftTests.xctest */;
			productType = "com.apple.product-type.bundle.unit-test";
		};
		2B54C02429DB5E1E00086C0F /* SolarCalculator-SwiftUITests */ = {
			isa = PBXNativeTarget;
			buildConfigurationList = 2B54C03429DB5E1E00086C0F /* Build configuration list for PBXNativeTarget "SolarCalculator-SwiftUITests" */;
			buildPhases = (
				2B54C02129DB5E1E00086C0F /* Sources */,
				2B54C02229DB5E1E00086C0F /* Frameworks */,
				2B54C02329DB5E1E00086C0F /* Resources */,
			);
			buildRules = (
			);
			dependencies = (
				2B54C02729DB5E1E00086C0F /* PBXTargetDependency */,
			);
			name = "SolarCalculator-SwiftUITests";
			productName = "SolarCalculator-SwiftUITests";
			productReference = 2B54C02529DB5E1E00086C0F /* SolarCalculator-SwiftUITests.xctest */;
			productType = "com.apple.product-type.bundle.ui-testing";
		};
/* End PBXNativeTarget section */

/* Begin PBXProject section */
		2B54C00029DB5E1500086C0F /* Project object */ = {
			isa = PBXProject;
			attributes = {
				LastSwiftUpdateCheck = 1010;
				LastUpgradeCheck = 1010;
				ORGANIZATIONNAME = "Ryan Zinniger";
				TargetAttributes = {
					2B54C00729DB5E1500086C0F = {
						CreatedOnToolsVersion = 10.1;
						SystemCapabilities = {
							com.apple.HardenedRuntime = {
								enabled = 1;
							};
						};
					};
					2B54C01929DB5E1E00086C0F = {
						CreatedOnToolsVersion = 10.1;
						TestTargetID = 2B54C00729DB5E1500086C0F;
					};
					2B54C02429DB5E1E00086C0F = {
						CreatedOnToolsVersion = 10.1;
						TestTargetID = 2B54C00729DB5E1500086C0F;
					};
				};
			};
			buildConfigurationList = 2B54C00329DB5E1500086C0F /* Build configuration list for PBXProject "SolarCalculator-Swift" */;
			compatibilityVersion = "Xcode 9.3";
			developmentRegion = en;
			hasScannedForEncodings = 0;
			knownRegions = (
				en,
				Base,
			);
			mainGroup = 2B54BFFF29DB5E1500086C0F;
			productRefGroup = 2B54C00929DB5E1500086C0F /* Products */;
			projectDirPath = "";
			projectRoot = "";
			targets = (
				2B54C00729DB5E1500086C0F /* SolarCalculator-Swift */,
				2B54C01929DB5E1E00086C0F /* SolarCalculator-SwiftTests */,
				2B54C02429DB5E1E00086C0F /* SolarCalculator-SwiftUITests */,
			);
		};
/* End PBXProject section */

/* Begin PBXResourcesBuildPhase section */
		2B54C00629DB5E1500086C0F /* Resources */ = {
			isa = PBXResourcesBuildPhase;
			buildActionMask = 2147483647;
			files = (
				2B54C01029DB5E1E00086C0F /* Assets.xcassets in Resources */,
				2B54C01329DB5E1E00086C0F /* Main.storyboard in Resources */,
			);
			runOnlyForDeploymentPostprocessing = 0;
		};
		2B54C01829DB5E1E00086C0F /* Resources */ = {
			isa = PBXResourcesBuildPhase;
			buildActionMask = 2147483647;
			files = (
			);
			runOnlyForDeploymentPostprocessing = 0;
		};
		2B54C02329DB5E1E00086C0F /* Resources */ = {
			isa = PBXResourcesBuildPhase;
			buildActionMask = 2147483647;
			files = (
			);
			runOnlyForDeploymentPostprocessing = 0;
		};
/* End PBXResourcesBuildPhase section */

/* Begin PBXSourcesBuildPhase section */
		2B54C00429DB5E1500086C0F /* Sources */ = {
			isa = PBXSourcesBuildPhase;
			buildActionMask = 2147483647;
			files = (
				2B54C00E29DB5E1500086C0F /* ViewController.swift in Sources */,
				2B54C00C29DB5E1500086C0F /* AppDelegate.swift in Sources */,
			);
			runOnlyForDeploymentPostprocessing = 0;
		};
		2B54C01629DB5E1E00086C0F /* Sources */ = {
			isa = PBXSourcesBuildPhase;
			buildActionMask = 2147483647;
			files = (
			);
			runOnlyForDeploymentPostprocessing = 0;
		};
		2B54C02129DB5E1E00086C0F /* Sources */ = {
			isa = PBXSourcesBuildPhase;
			buildActionMask = 2147483647;
			files = (
			);
			runOnlyForDeploymentPostprocessing = 0;
		};
/* End PBXSourcesBuildPhase section */

/* Begin PBXTargetDependency section */
		2B54C01C29DB5E1E00086C0F /* PBXTargetDependency */ = {
			isa = PBXTargetDependency;
			target = 2B54C00729DB5E1500086C0F /* SolarCalculator-Swift */;
			targetProxy = 2B54C01B29DB5E1E00086C0F /* PBXContainerItemProxy */;
		};
		2B54C02729DB5E1E00086C0F /* PBXTargetDependency */ = {
			isa = PBXTargetDependency;
			target = 2B54C00729DB5E1500086C0F /* SolarCalculator-Swift */;
			targetProxy = 2B54C02629DB5E1E00086C0F /* PBXContainerItemProxy */;
		};
/* End PBXTargetDependency section */

/* Begin PBXVariantGroup section */
		2B54C01129DB5E1E00086C0F /* Main.storyboard */ = {
			isa = PBXVariantGroup;
			children = (
				2B54C01229DB5E1E00086C0F /* Base */,
			);
			name = Main.storyboard;
			sourceTree = "<group>";
		};
/* End PBXVariantGroup section */

/* Begin XCBuildConfiguration section */
		2B54C02C29DB5E1E00086C0F /* Debug */ = {
			isa = XCBuildConfiguration;
			buildSettings = {
				ALWAYS_SEARCH_USER_PATHS = NO;
				CLANG_ANALYZER_NONNULL = YES;
				CLANG_ANALYZER_NUMBER_OBJECT_CONVERSION = YES_AGGRESSIVE;
				CLANG_CXX_LANGUAGE_STANDARD = "gnu++14";
				CLANG_CXX_LIBRARY = "libc++";
				CLANG_ENABLE_MODULES = YES;
				CLANG_ENABLE_OBJC_ARC = YES;
				CLANG_ENABLE_OBJC_WEAK = YES;
				CLANG_WARN_BLOCK_CAPTURE_AUTORELEASING = YES;
				CLANG_WARN_BOOL_CONVERSION = YES;
				CLANG_WARN_COMMA = YES;
				CLANG_WARN_CONSTANT_CONVERSION = YES;
				CLANG_WARN_DEPRECATED_OBJC_IMPLEMENTATIONS = YES;
				CLANG_WARN_DIRECT_OBJC_ISA_USAGE = YES_ERROR;
				CLANG_WARN_DOCUMENTATION_COMMENTS = YES;
				CLANG_WARN_EMPTY_BODY = YES;
				CLANG_WARN_ENUM_CONVERSION = YES;
				CLANG_WARN_INFINITE_RECURSION = YES;
				CLANG_WARN_INT_CONVERSION = YES;
				CLANG_WARN_NON_LITERAL_NULL_CONVERSION = YES;
				CLANG_WARN_OBJC_IMPLICIT_RETAIN_SELF = YES;
				CLANG_WARN_OBJC_LITERAL_CONVERSION = YES;
				CLANG_WARN_OBJC_ROOT_CLASS = YES_ERROR;
				CLANG_WARN_RANGE_LOOP_ANALYSIS = YES;
				CLANG_WARN_STRICT_PROTOTYPES = YES;
				CLANG_WARN_SUSPICIOUS_MOVE = YES;
				CLANG_WARN_UNGUARDED_AVAILABILITY = YES_AGGRESSIVE;
				CLANG_WARN_UNREACHABLE_CODE = YES;
				CLANG_WARN__DUPLICATE_METHOD_MATCH = YES;
				CODE_SIGN_IDENTITY = "-";
				COPY_PHASE_STRIP = NO;
				DEBUG_INFORMATION_FORMAT = dwarf;
				ENABLE_STRICT_OBJC_MSGSEND = YES;
				ENABLE_TESTABILITY = YES;
				GCC_C_LANGUAGE_STANDARD = gnu11;
				GCC_DYNAMIC_NO_PIC = NO;
				GCC_NO_COMMON_BLOCKS = YES;
				GCC_OPTIMIZATION_LEVEL = 0;
				GCC_PREPROCESSOR_DEFINITIONS = (
					"DEBUG=1",
					"$(inherited)",
				);
				GCC_WARN_64_TO_32_BIT_CONVERSION = YES;
				GCC_WARN_ABOUT_RETURN_TYPE = YES_ERROR;
				GCC_WARN_UNDECLARED_SELECTOR = YES;
				GCC_WARN_UNINITIALIZED_AUTOS = YES_AGGRESSIVE;
				GCC_WARN_UNUSED_FUNCTION = YES;
				GCC_WARN_UNUSED_VARIABLE = YES;
				MACOSX_DEPLOYMENT_TARGET = 10.13;
				MTL_ENABLE_DEBUG_INFO = INCLUDE_SOURCE;
				MTL_FAST_MATH = YES;
				ONLY_ACTIVE_ARCH = YES;
				SDKROOT = macosx;
				SWIFT_ACTIVE_COMPILATION_CONDITIONS = DEBUG;
				SWIFT_OPTIMIZATION_LEVEL = "-Onone";
			};
			name = Debug;
		};
		2B54C02D29DB5E1E00086C0F /* Release */ = {
			isa = XCBuildConfiguration;
			buildSettings = {
				ALWAYS_SEARCH_USER_PATHS = NO;
				CLANG_ANALYZER_NONNULL = YES;
				CLANG_ANALYZER_NUMBER_OBJECT_CONVERSION = YES_AGGRESSIVE;
				CLANG_CXX_LANGUAGE_STANDARD = "gnu++14";
				CLANG_CXX_LIBRARY = "libc++";
				CLANG_ENABLE_MODULES = YES;
				CLANG_ENABLE_OBJC_ARC = YES;
				CLANG_ENABLE_OBJC_WEAK = YES;
				CLANG_WARN_BLOCK_CAPTURE_AUTORELEASING = YES;
				CLANG_WARN_BOOL_CONVERSION = YES;
				CLANG_WARN_COMMA = YES;
				CLANG_WARN_CONSTANT_CONVERSION = YES;
				CLANG_WARN_DEPRECATED_OBJC_IMPLEMENTATIONS = YES;
				CLANG_WARN_DIRECT_OBJC_ISA_USAGE = YES_ERROR;
				CLANG_WARN_DOCUMENTATION_COMMENTS = YES;
				CLANG_WARN_EMPTY_BODY = YES;
				CLANG_WARN_ENUM_CONVERSION = YES;
				CLANG_WARN_INFINITE_RECURSION = YES;
				CLANG_WARN_INT_CONVERSION = YES;
				CLANG_WARN_NON_LITERAL_NULL_CONVERSION = YES;
				CLANG_WARN_OBJC_IMPLICIT_RETAIN_SELF = YES;
				CLANG_WARN_OBJC_LITERAL_CONVERSION = YES;
				CLANG_WARN_OBJC_ROOT_CLASS = YES_ERROR;
				CLANG_WARN_RANGE_LOOP_ANALYSIS = YES;
				CLANG_WARN_STRICT_PROTOTYPES = YES;
				CLANG_WARN_SUSPICIOUS_MOVE = YES;
				CLANG_WARN_UNGUARDED_AVAILABILITY = YES_AGGRESSIVE;
				CLANG_WARN_UNREACHABLE_CODE = YES;
				CLANG_WARN__DUPLICATE_METHOD_MATCH = YES;
				CODE_SIGN_IDENTITY = "-";
				COPY_PHASE_STRIP = NO;
				DEBUG_INFORMATION_FORMAT = "dwarf-with-dsym";
				ENABLE_NS_ASSERTIONS = NO;
				ENABLE_STRICT_OBJC_MSGSEND = YES;
				GCC_C_LANGUAGE_STANDARD = gnu11;
				GCC_NO_COMMON_BLOCKS = YES;
				GCC_WARN_64_TO_32_BIT_CONVERSION = YES;
				GCC_WARN_ABOUT_RETURN_TYPE = YES_ERROR;
				GCC_WARN_UNDECLARED_SELECTOR = YES;
				GCC_WARN_UNINITIALIZED_AUTOS = YES_AGGRESSIVE;
				GCC_WARN_UNUSED_FUNCTION = YES;
				GCC_WARN_UNUSED_VARIABLE = YES;
				MACOSX_DEPLOYMENT_TARGET = 10.13;
				MTL_ENABLE_DEBUG_INFO = NO;
				MTL_FAST_MATH = YES;
				SDKROOT = macosx;
				SWIFT_COMPILATION_MODE = wholemodule;
				SWIFT_OPTIMIZATION_LEVEL = "-O";
			};
			name = Release;
		};
		2B54C02F29DB5E1E00086C0F /* Debug */ = {
			isa = XCBuildConfiguration;
			buildSettings = {
				ASSETCATALOG_COMPILER_APPICON_NAME = AppIcon;
				CODE_SIGN_ENTITLEMENTS = "SolarCalculator-Swift/SolarCalculator_Swift.entitlements";
				CODE_SIGN_IDENTITY = "Mac Developer";
				CODE_SIGN_STYLE = Automatic;
				COMBINE_HIDPI_IMAGES = YES;
				DEVELOPMENT_TEAM = SBK6KTCCUH;
				ENABLE_HARDENED_RUNTIME = YES;
				INFOPLIST_FILE = "SolarCalculator-Swift/Info.plist";
				LD_RUNPATH_SEARCH_PATHS = (
					"$(inherited)",
					"@executable_path/../Frameworks",
				);
				PRODUCT_BUNDLE_IDENTIFIER = "ryzinn18.SolarCalculator-Swift";
				PRODUCT_NAME = "$(TARGET_NAME)";
				SWIFT_VERSION = 4.2;
			};
			name = Debug;
		};
		2B54C03029DB5E1E00086C0F /* Release */ = {
			isa = XCBuildConfiguration;
			buildSettings = {
				ASSETCATALOG_COMPILER_APPICON_NAME = AppIcon;
				CODE_SIGN_ENTITLEMENTS = "SolarCalculator-Swift/SolarCalculator_Swift.entitlements";
				CODE_SIGN_IDENTITY = "Mac Developer";
				CODE_SIGN_STYLE = Automatic;
				COMBINE_HIDPI_IMAGES = YES;
				DEVELOPMENT_TEAM = SBK6KTCCUH;
				ENABLE_HARDENED_RUNTIME = YES;
				INFOPLIST_FILE = "SolarCalculator-Swift/Info.plist";
				LD_RUNPATH_SEARCH_PATHS = (
					"$(inherited)",
					"@executable_path/../Frameworks",
				);
				PRODUCT_BUNDLE_IDENTIFIER = "ryzinn18.SolarCalculator-Swift";
				PRODUCT_NAME = "$(TARGET_NAME)";
				SWIFT_VERSION = 4.2;
			};
			name = Release;
		};
		2B54C03229DB5E1E00086C0F /* Debug */ = {
			isa = XCBuildConfiguration;
			buildSettings = {
				ALWAYS_EMBED_SWIFT_STANDARD_LIBRARIES = YES;
				BUNDLE_LOADER = "$(TEST_HOST)";
				CODE_SIGN_STYLE = Automatic;
				COMBINE_HIDPI_IMAGES = YES;
				INFOPLIST_FILE = "SolarCalculator-SwiftTests/Info.plist";
				LD_RUNPATH_SEARCH_PATHS = (
					"$(inherited)",
					"@executable_path/../Frameworks",
					"@loader_path/../Frameworks",
				);
				PRODUCT_BUNDLE_IDENTIFIER = "ryzinn18.SolarCalculator-SwiftTests";
				PRODUCT_NAME = "$(TARGET_NAME)";
				SWIFT_VERSION = 4.2;
				TEST_HOST = "$(BUILT_PRODUCTS_DIR)/SolarCalculator-Swift.app/Contents/MacOS/SolarCalculator-Swift";
			};
			name = Debug;
		};
		2B54C03329DB5E1E00086C0F /* Release */ = {
			isa = XCBuildConfiguration;
			buildSettings = {
				ALWAYS_EMBED_SWIFT_STANDARD_LIBRARIES = YES;
				BUNDLE_LOADER = "$(TEST_HOST)";
				CODE_SIGN_STYLE = Automatic;
				COMBINE_HIDPI_IMAGES = YES;
				INFOPLIST_FILE = "SolarCalculator-SwiftTests/Info.plist";
				LD_RUNPATH_SEARCH_PATHS = (
					"$(inherited)",
					"@executable_path/../Frameworks",
					"@loader_path/../Frameworks",
				);
				PRODUCT_BUNDLE_IDENTIFIER = "ryzinn18.SolarCalculator-SwiftTests";
				PRODUCT_NAME = "$(TARGET_NAME)";
				SWIFT_VERSION = 4.2;
				TEST_HOST = "$(BUILT_PRODUCTS_DIR)/SolarCalculator-Swift.app/Contents/MacOS/SolarCalculator-Swift";
			};
			name = Release;
		};
		2B54C03529DB5E1E00086C0F /* Debug */ = {
			isa = XCBuildConfiguration;
			buildSettings = {
				ALWAYS_EMBED_SWIFT_STANDARD_LIBRARIES = YES;
				CODE_SIGN_STYLE = Automatic;
				COMBINE_HIDPI_IMAGES = YES;
				INFOPLIST_FILE = "SolarCalculator-SwiftUITests/Info.plist";
				LD_RUNPATH_SEARCH_PATHS = (
					"$(inherited)",
					"@executable_path/../Frameworks",
					"@loader_path/../Frameworks",
				);
				PRODUCT_BUNDLE_IDENTIFIER = "ryzinn18.SolarCalculator-SwiftUITests";
				PRODUCT_NAME = "$(TARGET_NAME)";
				SWIFT_VERSION = 4.2;
				TEST_TARGET_NAME = "SolarCalculator-Swift";
			};
			name = Debug;
		};
		2B54C03629DB5E1E00086C0F /* Release */ = {
			isa = XCBuildConfiguration;
			buildSettings = {
				ALWAYS_EMBED_SWIFT_STANDARD_LIBRARIES = YES;
				CODE_SIGN_STYLE = Automatic;
				COMBINE_HIDPI_IMAGES = YES;
				INFOPLIST_FILE = "SolarCalculator-SwiftUITests/Info.plist";
				LD_RUNPATH_SEARCH_PATHS = (
					"$(inherited)",
					"@executable_path/../Frameworks",
					"@loader_path/../Frameworks",
				);
				PRODUCT_BUNDLE_IDENTIFIER = "ryzinn18.SolarCalculator-SwiftUITests";
				PRODUCT_NAME = "$(TARGET_NAME)";
				SWIFT_VERSION = 4.2;
				TEST_TARGET_NAME = "SolarCalculator-Swift";
			};
			name = Release;
		};
/* End XCBuildConfiguration section */

/* Begin XCConfigurationList section */
		2B54C00329DB5E1500086C0F /* Build configuration list for PBXProject "SolarCalculator-Swift" */ = {
			isa = XCConfigurationList;
			buildConfigurations = (
				2B54C02C29DB5E1E00086C0F /* Debug */,
				2B54C02D29DB5E1E00086C0F /* Release */,
			);
			defaultConfigurationIsVisible = 0;
			defaultConfigurationName = Release;
		};
		2B54C02E29DB5E1E00086C0F /* Build configuration list for PBXNativeTarget "SolarCalculator-Swift" */ = {
			isa = XCConfigurationList;
			buildConfigurations = (
				2B54C02F29DB5E1E00086C0F /* Debug */,
				2B54C03029DB5E1E00086C0F /* Release */,
			);
			defaultConfigurationIsVisible = 0;
			defaultConfigurationName = Release;
		};
		2B54C03129DB5E1E00086C0F /* Build configuration list for PBXNativeTarget "SolarCalculator-SwiftTests" */ = {
			isa = XCConfigurationList;
			buildConfigurations = (
				2B54C03229DB5E1E00086C0F /* Debug */,
				2B54C03329DB5E1E00086C0F /* Release */,
			);
			defaultConfigurationIsVisible = 0;
			defaultConfigurationName = Release;
		};
		2B54C03429DB5E1E00086C0F /* Build configuration list for PBXNativeTarget "SolarCalculator-SwiftUITests" */ = {
			isa = XCConfigurationList;
			buildConfigurations = (
				2B54C03529DB5E1E00086C0F /* Debug */,
				2B54C03629DB5E1E00086C0F /* Release */,
			);
			defaultConfigurationIsVisible = 0;
			defaultConfigurationName = Release;
		};
/* End XCConfigurationList section */
	};
	rootObject = 2B54C00029DB5E1500086C0F /* Project object */;
}
